
Microsoft Visual Studio Solution File, Format Version 12.00
# Visual Studio Version 16
VisualStudioVersion = 16.0.30907.101
MinimumVisualStudioVersion = 10.0.40219.1
Project("{FAE04EC0-301F-11D3-BF4B-00C04F79EFBC}") = "coursework", "coursework\coursework.csproj", "{A243B89F-46C8-45C7-9A8D-70CD6050CBA9}"
EndProject
Global
	GlobalSection(SolutionConfigurationPlatforms) = preSolution
		Debug|Any CPU = Debug|Any CPU
		Release|Any CPU = Release|Any CPU
	EndGlobalSection
	GlobalSection(ProjectConfigurationPlatforms) = postSolution
		{A243B89F-46C8-45C7-9A8D-70CD6050CBA9}.Debug|Any CPU.ActiveCfg = Debug|Any CPU
		{A243B89F-46C8-45C7-9A8D-70CD6050CBA9}.Debug|Any CPU.Build.0 = Debug|Any CPU
		{A243B89F-46C8-45C7-9A8D-70CD6050CBA9}.Release|Any CPU.ActiveCfg = Release|Any CPU
		{A243B89F-46C8-45C7-9A8D-70CD6050CBA9}.Release|Any CPU.Build.0 = Release|Any CPU
	EndGlobalSection
	GlobalSection(SolutionProperties) = preSolution
		HideSolutionNode = FALSE
	EndGlobalSection
	GlobalSection(ExtensibilityGlobals) = postSolution
		SolutionGuid = {E90361BE-CC83-47FE-9FF5-A1D659900496}
	EndGlobalSection
EndGlobal
